// !$*UTF8*$!
{
	archiveVersion = 1;
	classes = {
	};
	objectVersion = 46;
	objects = {

/* Begin PBXBuildFile section */
		08EA3D661D1B955700E18F73 /* AppDelegate.swift in Sources */ = {isa = PBXBuildFile; fileRef = 08EA3D651D1B955700E18F73 /* AppDelegate.swift */; };
		08EA3D681D1B955700E18F73 /* ViewController.swift in Sources */ = {isa = PBXBuildFile; fileRef = 08EA3D671D1B955700E18F73 /* ViewController.swift */; };
		08EA3D6B1D1B955700E18F73 /* Main.storyboard in Resources */ = {isa = PBXBuildFile; fileRef = 08EA3D691D1B955700E18F73 /* Main.storyboard */; };
		08EA3D6D1D1B955700E18F73 /* Assets.xcassets in Resources */ = {isa = PBXBuildFile; fileRef = 08EA3D6C1D1B955700E18F73 /* Assets.xcassets */; };
		08EA3D701D1B955700E18F73 /* LaunchScreen.storyboard in Resources */ = {isa = PBXBuildFile; fileRef = 08EA3D6E1D1B955700E18F73 /* LaunchScreen.storyboard */; };
		08EA3D7B1D1B955700E18F73 /* Neu_MapTests.swift in Sources */ = {isa = PBXBuildFile; fileRef = 08EA3D7A1D1B955700E18F73 /* Neu_MapTests.swift */; };
		08EA3D861D1B955700E18F73 /* Neu_MapUITests.swift in Sources */ = {isa = PBXBuildFile; fileRef = 08EA3D851D1B955700E18F73 /* Neu_MapUITests.swift */; };
		08EA3D941D1B966700E18F73 /* MapKit.framework in Frameworks */ = {isa = PBXBuildFile; fileRef = 08EA3D931D1B966700E18F73 /* MapKit.framework */; };
/* End PBXBuildFile section */

/* Begin PBXContainerItemProxy section */
		08EA3D771D1B955700E18F73 /* PBXContainerItemProxy */ = {
			isa = PBXContainerItemProxy;
			containerPortal = 08EA3D5A1D1B955700E18F73 /* Project object */;
			proxyType = 1;
			remoteGlobalIDString = 08EA3D611D1B955700E18F73;
			remoteInfo = "Neu Map";
		};
		08EA3D821D1B955700E18F73 /* PBXContainerItemProxy */ = {
			isa = PBXContainerItemProxy;
			containerPortal = 08EA3D5A1D1B955700E18F73 /* Project object */;
			proxyType = 1;
			remoteGlobalIDString = 08EA3D611D1B955700E18F73;
			remoteInfo = "Neu Map";
		};
/* End PBXContainerItemProxy section */

/* Begin PBXFileReference section */
		08EA3D621D1B955700E18F73 /* Neu Map.app */ = {isa = PBXFileReference; explicitFileType = wrapper.application; includeInIndex = 0; path = "Neu Map.app"; sourceTree = BUILT_PRODUCTS_DIR; };
		08EA3D651D1B955700E18F73 /* AppDelegate.swift */ = {isa = PBXFileReference; lastKnownFileType = sourcecode.swift; path = AppDelegate.swift; sourceTree = "<group>"; };
		08EA3D671D1B955700E18F73 /* ViewController.swift */ = {isa = PBXFileReference; lastKnownFileType = sourcecode.swift; path = ViewController.swift; sourceTree = "<group>"; };
		08EA3D6A1D1B955700E18F73 /* Base */ = {isa = PBXFileReference; lastKnownFileType = file.storyboard; name = Base; path = Base.lproj/Main.storyboard; sourceTree = "<group>"; };
		08EA3D6C1D1B955700E18F73 /* Assets.xcassets */ = {isa = PBXFileReference; lastKnownFileType = folder.assetcatalog; path = Assets.xcassets; sourceTree = "<group>"; };
		08EA3D6F1D1B955700E18F73 /* Base */ = {isa = PBXFileReference; lastKnownFileType = file.storyboard; name = Base; path = Base.lproj/LaunchScreen.storyboard; sourceTree = "<group>"; };
		08EA3D711D1B955700E18F73 /* Info.plist */ = {isa = PBXFileReference; lastKnownFileType = text.plist.xml; path = Info.plist; sourceTree = "<group>"; };
		08EA3D761D1B955700E18F73 /* Neu MapTests.xctest */ = {isa = PBXFileReference; explicitFileType = wrapper.cfbundle; includeInIndex = 0; path = "Neu MapTests.xctest"; sourceTree = BUILT_PRODUCTS_DIR; };
		08EA3D7A1D1B955700E18F73 /* Neu_MapTests.swift */ = {isa = PBXFileReference; lastKnownFileType = sourcecode.swift; path = Neu_MapTests.swift; sourceTree = "<group>"; };
		08EA3D7C1D1B955700E18F73 /* Info.plist */ = {isa = PBXFileReference; lastKnownFileType = text.plist.xml; path = Info.plist; sourceTree = "<group>"; };
		08EA3D811D1B955700E18F73 /* Neu MapUITests.xctest */ = {isa = PBXFileReference; explicitFileType = wrapper.cfbundle; includeInIndex = 0; path = "Neu MapUITests.xctest"; sourceTree = BUILT_PRODUCTS_DIR; };
		08EA3D851D1B955700E18F73 /* Neu_MapUITests.swift */ = {isa = PBXFileReference; lastKnownFileType = sourcecode.swift; path = Neu_MapUITests.swift; sourceTree = "<group>"; };
		08EA3D871D1B955700E18F73 /* Info.plist */ = {isa = PBXFileReference; lastKnownFileType = text.plist.xml; path = Info.plist; sourceTree = "<group>"; };
		08EA3D931D1B966700E18F73 /* MapKit.framework */ = {isa = PBXFileReference; lastKnownFileType = wrapper.framework; name = MapKit.framework; path = System/Library/Frameworks/MapKit.framework; sourceTree = SDKROOT; };
/* End PBXFileReference section */

/* Begin PBXFrameworksBuildPhase section */
		08EA3D5F1D1B955700E18F73 /* Frameworks */ = {
			isa = PBXFrameworksBuildPhase;
			buildActionMask = 2147483647;
			files = (
				08EA3D941D1B966700E18F73 /* MapKit.framework in Frameworks */,
			);
			runOnlyForDeploymentPostprocessing = 0;
		};
		08EA3D731D1B955700E18F73 /* Frameworks */ = {
			isa = PBXFrameworksBuildPhase;
			buildActionMask = 2147483647;
			files = (
			);
			runOnlyForDeploymentPostprocessing = 0;
		};
		08EA3D7E1D1B955700E18F73 /* Frameworks */ = {
			isa = PBXFrameworksBuildPhase;
			buildActionMask = 2147483647;
			files = (
			);
			runOnlyForDeploymentPostprocessing = 0;
		};
/* End PBXFrameworksBuildPhase section */

/* Begin PBXGroup section */
		08EA3D591D1B955700E18F73 = {
			isa = PBXGroup;
			children = (
				08EA3D931D1B966700E18F73 /* MapKit.framework */,
				08EA3D641D1B955700E18F73 /* Neu Map */,
				08EA3D791D1B955700E18F73 /* Neu MapTests */,
				08EA3D841D1B955700E18F73 /* Neu MapUITests */,
				08EA3D631D1B955700E18F73 /* Products */,
			);
			sourceTree = "<group>";
		};
		08EA3D631D1B955700E18F73 /* Products */ = {
			isa = PBXGroup;
			children = (
				08EA3D621D1B955700E18F73 /* Neu Map.app */,
				08EA3D761D1B955700E18F73 /* Neu MapTests.xctest */,
				08EA3D811D1B955700E18F73 /* Neu MapUITests.xctest */,
			);
			name = Products;
			sourceTree = "<group>";
		};
		08EA3D641D1B955700E18F73 /* Neu Map */ = {
			isa = PBXGroup;
			children = (
				08EA3D651D1B955700E18F73 /* AppDelegate.swift */,
				08EA3D671D1B955700E18F73 /* ViewController.swift */,
				08EA3D691D1B955700E18F73 /* Main.storyboard */,
				08EA3D6C1D1B955700E18F73 /* Assets.xcassets */,
				08EA3D6E1D1B955700E18F73 /* LaunchScreen.storyboard */,
				08EA3D711D1B955700E18F73 /* Info.plist */,
			);
			path = "Neu Map";
			sourceTree = "<group>";
		};
		08EA3D791D1B955700E18F73 /* Neu MapTests */ = {
			isa = PBXGroup;
			children = (
				08EA3D7A1D1B955700E18F73 /* Neu_MapTests.swift */,
				08EA3D7C1D1B955700E18F73 /* Info.plist */,
			);
			path = "Neu MapTests";
			sourceTree = "<group>";
		};
		08EA3D841D1B955700E18F73 /* Neu MapUITests */ = {
			isa = PBXGroup;
			children = (
				08EA3D851D1B955700E18F73 /* Neu_MapUITests.swift */,
				08EA3D871D1B955700E18F73 /* Info.plist */,
			);
			path = "Neu MapUITests";
			sourceTree = "<group>";
		};
/* End PBXGroup section */

/* Begin PBXNativeTarget section */
		08EA3D611D1B955700E18F73 /* Neu Map */ = {
			isa = PBXNativeTarget;
			buildConfigurationList = 08EA3D8A1D1B955700E18F73 /* Build configuration list for PBXNativeTarget "Neu Map" */;
			buildPhases = (
				08EA3D5E1D1B955700E18F73 /* Sources */,
				08EA3D5F1D1B955700E18F73 /* Frameworks */,
				08EA3D601D1B955700E18F73 /* Resources */,
			);
			buildRules = (
			);
			dependencies = (
			);
			name = "Neu Map";
			productName = "Neu Map";
			productReference = 08EA3D621D1B955700E18F73 /* Neu Map.app */;
			productType = "com.apple.product-type.application";
		};
		08EA3D751D1B955700E18F73 /* Neu MapTests */ = {
			isa = PBXNativeTarget;
			buildConfigurationList = 08EA3D8D1D1B955700E18F73 /* Build configuration list for PBXNativeTarget "Neu MapTests" */;
			buildPhases = (
				08EA3D721D1B955700E18F73 /* Sources */,
				08EA3D731D1B955700E18F73 /* Frameworks */,
				08EA3D741D1B955700E18F73 /* Resources */,
			);
			buildRules = (
			);
			dependencies = (
				08EA3D781D1B955700E18F73 /* PBXTargetDependency */,
			);
			name = "Neu MapTests";
			productName = "Neu MapTests";
			productReference = 08EA3D761D1B955700E18F73 /* Neu MapTests.xctest */;
			productType = "com.apple.product-type.bundle.unit-test";
		};
		08EA3D801D1B955700E18F73 /* Neu MapUITests */ = {
			isa = PBXNativeTarget;
			buildConfigurationList = 08EA3D901D1B955700E18F73 /* Build configuration list for PBXNativeTarget "Neu MapUITests" */;
			buildPhases = (
				08EA3D7D1D1B955700E18F73 /* Sources */,
				08EA3D7E1D1B955700E18F73 /* Frameworks */,
				08EA3D7F1D1B955700E18F73 /* Resources */,
			);
			buildRules = (
			);
			dependencies = (
				08EA3D831D1B955700E18F73 /* PBXTargetDependency */,
			);
			name = "Neu MapUITests";
			productName = "Neu MapUITests";
			productReference = 08EA3D811D1B955700E18F73 /* Neu MapUITests.xctest */;
			productType = "com.apple.product-type.bundle.ui-testing";
		};
/* End PBXNativeTarget section */

/* Begin PBXProject section */
		08EA3D5A1D1B955700E18F73 /* Project object */ = {
			isa = PBXProject;
			attributes = {
				LastSwiftUpdateCheck = 0730;
				LastUpgradeCheck = 0730;
				ORGANIZATIONNAME = iMac_13;
				TargetAttributes = {
					08EA3D611D1B955700E18F73 = {
						CreatedOnToolsVersion = 7.3.1;
					};
					08EA3D751D1B955700E18F73 = {
						CreatedOnToolsVersion = 7.3.1;
						TestTargetID = 08EA3D611D1B955700E18F73;
					};
					08EA3D801D1B955700E18F73 = {
						CreatedOnToolsVersion = 7.3.1;
						TestTargetID = 08EA3D611D1B955700E18F73;
					};
				};
			};
			buildConfigurationList = 08EA3D5D1D1B955700E18F73 /* Build configuration list for PBXProject "Neu Map" */;
			compatibilityVersion = "Xcode 3.2";
			developmentRegion = English;
			hasScannedForEncodings = 0;
			knownRegions = (
				en,
				Base,
			);
			mainGroup = 08EA3D591D1B955700E18F73;
			productRefGroup = 08EA3D631D1B955700E18F73 /* Products */;
			projectDirPath = "";
			projectRoot = "";
			targets = (
				08EA3D611D1B955700E18F73 /* Neu Map */,
				08EA3D751D1B955700E18F73 /* Neu MapTests */,
				08EA3D801D1B955700E18F73 /* Neu MapUITests */,
			);
		};
/* End PBXProject section */

/* Begin PBXResourcesBuildPhase section */
		08EA3D601D1B955700E18F73 /* Resources */ = {
			isa = PBXResourcesBuildPhase;
			buildActionMask = 2147483647;
			files = (
				08EA3D701D1B955700E18F73 /* LaunchScreen.storyboard in Resources */,
				08EA3D6D1D1B955700E18F73 /* Assets.xcassets in Resources */,
				08EA3D6B1D1B955700E18F73 /* Main.storyboard in Resources */,
			);
			runOnlyForDeploymentPostprocessing = 0;
		};
		08EA3D741D1B955700E18F73 /* Resources */ = {
			isa = PBXResourcesBuildPhase;
			buildActionMask = 2147483647;
			files = (
			);
			runOnlyForDeploymentPostprocessing = 0;
		};
		08EA3D7F1D1B955700E18F73 /* Resources */ = {
			isa = PBXResourcesBuildPhase;
			buildActionMask = 2147483647;
			files = (
			);
			runOnlyForDeploymentPostprocessing = 0;
		};
/* End PBXResourcesBuildPhase section */

/* Begin PBXSourcesBuildPhase section */
		08EA3D5E1D1B955700E18F73 /* Sources */ = {
			isa = PBXSourcesBuildPhase;
			buildActionMask = 2147483647;
			files = (
				08EA3D681D1B955700E18F73 /* ViewController.swift in Sources */,
				08EA3D661D1B955700E18F73 /* AppDelegate.swift in Sources */,
			);
			runOnlyForDeploymentPostprocessing = 0;
		};
		08EA3D721D1B955700E18F73 /* Sources */ = {
			isa = PBXSourcesBuildPhase;
			buildActionMask = 2147483647;
			files = (
				08EA3D7B1D1B955700E18F73 /* Neu_MapTests.swift in Sources */,
			);
			runOnlyForDeploymentPostprocessing = 0;
		};
		08EA3D7D1D1B955700E18F73 /* Sources */ = {
			isa = PBXSourcesBuildPhase;
			buildActionMask = 2147483647;
			files = (
				08EA3D861D1B955700E18F73 /* Neu_MapUITests.swift in Sources */,
			);
			runOnlyForDeploymentPostprocessing = 0;
		};
/* End PBXSourcesBuildPhase section */

/* Begin PBXTargetDependency section */
		08EA3D781D1B955700E18F73 /* PBXTargetDependency */ = {
			isa = PBXTargetDependency;
			target = 08EA3D611D1B955700E18F73 /* Neu Map */;
			targetProxy = 08EA3D771D1B955700E18F73 /* PBXContainerItemProxy */;
		};
		08EA3D831D1B955700E18F73 /* PBXTargetDependency */ = {
			isa = PBXTargetDependency;
			target = 08EA3D611D1B955700E18F73 /* Neu Map */;
			targetProxy = 08EA3D821D1B955700E18F73 /* PBXContainerItemProxy */;
		};
/* End PBXTargetDependency section */

/* Begin PBXVariantGroup section */
		08EA3D691D1B955700E18F73 /* Main.storyboard */ = {
			isa = PBXVariantGroup;
			children = (
				08EA3D6A1D1B955700E18F73 /* Base */,
			);
			name = Main.storyboard;
			sourceTree = "<group>";
		};
		08EA3D6E1D1B955700E18F73 /* LaunchScreen.storyboard */ = {
			isa = PBXVariantGroup;
			children = (
				08EA3D6F1D1B955700E18F73 /* Base */,
			);
			name = LaunchScreen.storyboard;
			sourceTree = "<group>";
		};
/* End PBXVariantGroup section */

/* Begin XCBuildConfiguration section */
		08EA3D881D1B955700E18F73 /* Debug */ = {
			isa = XCBuildConfiguration;
			buildSettings = {
				ALWAYS_SEARCH_USER_PATHS = NO;
				CLANG_ANALYZER_NONNULL = YES;
				CLANG_CXX_LANGUAGE_STANDARD = "gnu++0x";
				CLANG_CXX_LIBRARY = "libc++";
				CLANG_ENABLE_MODULES = YES;
				CLANG_ENABLE_OBJC_ARC = YES;
				CLANG_WARN_BOOL_CONVERSION = YES;
				CLANG_WARN_CONSTANT_CONVERSION = YES;
				CLANG_WARN_DIRECT_OBJC_ISA_USAGE = YES_ERROR;
				CLANG_WARN_EMPTY_BODY = YES;
				CLANG_WARN_ENUM_CONVERSION = YES;
				CLANG_WARN_INT_CONVERSION = YES;
				CLANG_WARN_OBJC_ROOT_CLASS = YES_ERROR;
				CLANG_WARN_UNREACHABLE_CODE = YES;
				CLANG_WARN__DUPLICATE_METHOD_MATCH = YES;
				"CODE_SIGN_IDENTITY[sdk=iphoneos*]" = "iPhone Developer";
				COPY_PHASE_STRIP = NO;
				DEBUG_INFORMATION_FORMAT = dwarf;
				ENABLE_STRICT_OBJC_MSGSEND = YES;
				ENABLE_TESTABILITY = YES;
				GCC_C_LANGUAGE_STANDARD = gnu99;
				GCC_DYNAMIC_NO_PIC = NO;
				GCC_NO_COMMON_BLOCKS = YES;
				GCC_OPTIMIZATION_LEVEL = 0;
				GCC_PREPROCESSOR_DEFINITIONS = (
					"DEBUG=1",
					"$(inherited)",
				);
				GCC_WARN_64_TO_32_BIT_CONVERSION = YES;
				GCC_WARN_ABOUT_RETURN_TYPE = YES_ERROR;
				GCC_WARN_UNDECLARED_SELECTOR = YES;
				GCC_WARN_UNINITIALIZED_AUTOS = YES_AGGRESSIVE;
				GCC_WARN_UNUSED_FUNCTION = YES;
				GCC_WARN_UNUSED_VARIABLE = YES;
				IPHONEOS_DEPLOYMENT_TARGET = 9.3;
				MTL_ENABLE_DEBUG_INFO = YES;
				ONLY_ACTIVE_ARCH = YES;
				SDKROOT = iphoneos;
				SWIFT_OPTIMIZATION_LEVEL = "-Onone";
			};
			name = Debug;
		};
		08EA3D891D1B955700E18F73 /* Release */ = {
			isa = XCBuildConfiguration;
			buildSettings = {
				ALWAYS_SEARCH_USER_PATHS = NO;
				CLANG_ANALYZER_NONNULL = YES;
				CLANG_CXX_LANGUAGE_STANDARD = "gnu++0x";
				CLANG_CXX_LIBRARY = "libc++";
				CLANG_ENABLE_MODULES = YES;
				CLANG_ENABLE_OBJC_ARC = YES;
				CLANG_WARN_BOOL_CONVERSION = YES;
				CLANG_WARN_CONSTANT_CONVERSION = YES;
				CLANG_WARN_DIRECT_OBJC_ISA_USAGE = YES_ERROR;
				CLANG_WARN_EMPTY_BODY = YES;
				CLANG_WARN_ENUM_CONVERSION = YES;
				CLANG_WARN_INT_CONVERSION = YES;
				CLANG_WARN_OBJC_ROOT_CLASS = YES_ERROR;
				CLANG_WARN_UNREACHABLE_CODE = YES;
				CLANG_WARN__DUPLICATE_METHOD_MATCH = YES;
				"CODE_SIGN_IDENTITY[sdk=iphoneos*]" = "iPhone Developer";
				COPY_PHASE_STRIP = NO;
				DEBUG_INFORMATION_FORMAT = "dwarf-with-dsym";
				ENABLE_NS_ASSERTIONS = NO;
				ENABLE_STRICT_OBJC_MSGSEND = YES;
				GCC_C_LANGUAGE_STANDARD = gnu99;
				GCC_NO_COMMON_BLOCKS = YES;
				GCC_WARN_64_TO_32_BIT_CONVERSION = YES;
				GCC_WARN_ABOUT_RETURN_TYPE = YES_ERROR;
				GCC_WARN_UNDECLARED_SELECTOR = YES;
				GCC_WARN_UNINITIALIZED_AUTOS = YES_AGGRESSIVE;
				GCC_WARN_UNUSED_FUNCTION = YES;
				GCC_WARN_UNUSED_VARIABLE = YES;
				IPHONEOS_DEPLOYMENT_TARGET = 9.3;
				MTL_ENABLE_DEBUG_INFO = NO;
				SDKROOT = iphoneos;
				VALIDATE_PRODUCT = YES;
			};
			name = Release;
		};
		08EA3D8B1D1B955700E18F73 /* Debug */ = {
			isa = XCBuildConfiguration;
			buildSettings = {
				ASSETCATALOG_COMPILER_APPICON_NAME = AppIcon;
				INFOPLIST_FILE = "Neu Map/Info.plist";
				LD_RUNPATH_SEARCH_PATHS = "$(inherited) @executable_path/Frameworks";
				PRODUCT_BUNDLE_IDENTIFIER = "app.suttiad.neu.Neu-Map";
				PRODUCT_NAME = "$(TARGET_NAME)";
			};
			name = Debug;
		};
		08EA3D8C1D1B955700E18F73 /* Release */ = {
			isa = XCBuildConfiguration;
			buildSettings = {
				ASSETCATALOG_COMPILER_APPICON_NAME = AppIcon;
				INFOPLIST_FILE = "Neu Map/Info.plist";
				LD_RUNPATH_SEARCH_PATHS = "$(inherited) @executable_path/Frameworks";
				PRODUCT_BUNDLE_IDENTIFIER = "app.suttiad.neu.Neu-Map";
				PRODUCT_NAME = "$(TARGET_NAME)";
			};
			name = Release;
		};
		08EA3D8E1D1B955700E18F73 /* Debug */ = {
			isa = XCBuildConfiguration;
			buildSettings = {
				BUNDLE_LOADER = "$(TEST_HOST)";
				INFOPLIST_FILE = "Neu MapTests/Info.plist";
				LD_RUNPATH_SEARCH_PATHS = "$(inherited) @executable_path/Frameworks @loader_path/Frameworks";
				PRODUCT_BUNDLE_IDENTIFIER = "app.suttiad.neu.Neu-MapTests";
				PRODUCT_NAME = "$(TARGET_NAME)";
				TEST_HOST = "$(BUILT_PRODUCTS_DIR)/Neu Map.app/Neu Map";
			};
			name = Debug;
		};
		08EA3D8F1D1B955700E18F73 /* Release */ = {
			isa = XCBuildConfiguration;
			buildSettings = {
				BUNDLE_LOADER = "$(TEST_HOST)";
				INFOPLIST_FILE = "Neu MapTests/Info.plist";
				LD_RUNPATH_SEARCH_PATHS = "$(inherited) @executable_path/Frameworks @loader_path/Frameworks";
				PRODUCT_BUNDLE_IDENTIFIER = "app.suttiad.neu.Neu-MapTests";
				PRODUCT_NAME = "$(TARGET_NAME)";
				TEST_HOST = "$(BUILT_PRODUCTS_DIR)/Neu Map.app/Neu Map";
			};
			name = Release;
		};
		08EA3D911D1B955700E18F73 /* Debug */ = {
			isa = XCBuildConfiguration;
			buildSettings = {
				INFOPLIST_FILE = "Neu MapUITests/Info.plist";
				LD_RUNPATH_SEARCH_PATHS = "$(inherited) @executable_path/Frameworks @loader_path/Frameworks";
				PRODUCT_BUNDLE_IDENTIFIER = "app.suttiad.neu.Neu-MapUITests";
				PRODUCT_NAME = "$(TARGET_NAME)";
				TEST_TARGET_NAME = "Neu Map";
			};
			name = Debug;
		};
		08EA3D921D1B955700E18F73 /* Release */ = {
			isa = XCBuildConfiguration;
			buildSettings = {
				INFOPLIST_FILE = "Neu MapUITests/Info.plist";
				LD_RUNPATH_SEARCH_PATHS = "$(inherited) @executable_path/Frameworks @loader_path/Frameworks";
				PRODUCT_BUNDLE_IDENTIFIER = "app.suttiad.neu.Neu-MapUITests";
				PRODUCT_NAME = "$(TARGET_NAME)";
				TEST_TARGET_NAME = "Neu Map";
			};
			name = Release;
		};
/* End XCBuildConfiguration section */

/* Begin XCConfigurationList section */
		08EA3D5D1D1B955700E18F73 /* Build configuration list for PBXProject "Neu Map" */ = {
			isa = XCConfigurationList;
			buildConfigurations = (
				08EA3D881D1B955700E18F73 /* Debug */,
				08EA3D891D1B955700E18F73 /* Release */,
			);
			defaultConfigurationIsVisible = 0;
			defaultConfigurationName = Release;
		};
		08EA3D8A1D1B955700E18F73 /* Build configuration list for PBXNativeTarget "Neu Map" */ = {
			isa = XCConfigurationList;
			buildConfigurations = (
				08EA3D8B1D1B955700E18F73 /* Debug */,
				08EA3D8C1D1B955700E18F73 /* Release */,
			);
			defaultConfigurationIsVisible = 0;
		};
		08EA3D8D1D1B955700E18F73 /* Build configuration list for PBXNativeTarget "Neu MapTests" */ = {
			isa = XCConfigurationList;
			buildConfigurations = (
				08EA3D8E1D1B955700E18F73 /* Debug */,
				08EA3D8F1D1B955700E18F73 /* Release */,
			);
			defaultConfigurationIsVisible = 0;
		};
		08EA3D901D1B955700E18F73 /* Build configuration list for PBXNativeTarget "Neu MapUITests" */ = {
			isa = XCConfigurationList;
			buildConfigurations = (
				08EA3D911D1B955700E18F73 /* Debug */,
				08EA3D921D1B955700E18F73 /* Release */,
			);
			defaultConfigurationIsVisible = 0;
		};
/* End XCConfigurationList section */
	};
	rootObject = 08EA3D5A1D1B955700E18F73 /* Project object */;
}
